
Microsoft Visual Studio Solution File, Format Version 12.00
# Visual Studio Version 16
VisualStudioVersion = 16.0.29230.47
MinimumVisualStudioVersion = 10.0.40219.1
Project("{9A19103F-16F7-4668-BE54-9A1E7A4F7556}") = "CopaDeEquipes.Domain", "CopaDeEquipes.Domain\CopaDeEquipes.Domain.csproj", "{805BCAE2-00AB-41C0-B289-0AADB4E3FF19}"
EndProject
Project("{9A19103F-16F7-4668-BE54-9A1E7A4F7556}") = "CopaDeEquipes.Test", "CopaDeEquipes.Test\CopaDeEquipes.Test.csproj", "{625D3A46-53EA-4AD7-BB8D-881172E6926D}"
EndProject
Project("{9A19103F-16F7-4668-BE54-9A1E7A4F7556}") = "CopaDeEquipes.Api", "CopaDeEquipes.Api\CopaDeEquipes.Api.csproj", "{725A1A88-C84D-4E76-A531-B43C5BC24A4F}"
EndProject
Project("{9A19103F-16F7-4668-BE54-9A1E7A4F7556}") = "CopaDeEquipes.App", "CopaDeEquipes.App\CopaDeEquipes.App.csproj", "{6A5645E2-E45D-49E8-AAE7-41288BCF5A2E}"
EndProject
Project("{FAE04EC0-301F-11D3-BF4B-00C04F79EFBC}") = "CopaDeEquipes.Application", "CopaDeEquipes.Application\CopaDeEquipes.Application.csproj", "{6FEF8B1F-89F1-4572-994B-8BD07C0BA2F7}"
EndProject
Global
	GlobalSection(SolutionConfigurationPlatforms) = preSolution
		Debug|Any CPU = Debug|Any CPU
		Release|Any CPU = Release|Any CPU
	EndGlobalSection
	GlobalSection(ProjectConfigurationPlatforms) = postSolution
		{805BCAE2-00AB-41C0-B289-0AADB4E3FF19}.Debug|Any CPU.ActiveCfg = Debug|Any CPU
		{805BCAE2-00AB-41C0-B289-0AADB4E3FF19}.Debug|Any CPU.Build.0 = Debug|Any CPU
		{805BCAE2-00AB-41C0-B289-0AADB4E3FF19}.Release|Any CPU.ActiveCfg = Release|Any CPU
		{805BCAE2-00AB-41C0-B289-0AADB4E3FF19}.Release|Any CPU.Build.0 = Release|Any CPU
		{625D3A46-53EA-4AD7-BB8D-881172E6926D}.Debug|Any CPU.ActiveCfg = Debug|Any CPU
		{625D3A46-53EA-4AD7-BB8D-881172E6926D}.Debug|Any CPU.Build.0 = Debug|Any CPU
		{625D3A46-53EA-4AD7-BB8D-881172E6926D}.Release|Any CPU.ActiveCfg = Release|Any CPU
		{625D3A46-53EA-4AD7-BB8D-881172E6926D}.Release|Any CPU.Build.0 = Release|Any CPU
		{725A1A88-C84D-4E76-A531-B43C5BC24A4F}.Debug|Any CPU.ActiveCfg = Debug|Any CPU
		{725A1A88-C84D-4E76-A531-B43C5BC24A4F}.Debug|Any CPU.Build.0 = Debug|Any CPU
		{725A1A88-C84D-4E76-A531-B43C5BC24A4F}.Release|Any CPU.ActiveCfg = Release|Any CPU
		{725A1A88-C84D-4E76-A531-B43C5BC24A4F}.Release|Any CPU.Build.0 = Release|Any CPU
		{6A5645E2-E45D-49E8-AAE7-41288BCF5A2E}.Debug|Any CPU.ActiveCfg = Debug|Any CPU
		{6A5645E2-E45D-49E8-AAE7-41288BCF5A2E}.Debug|Any CPU.Build.0 = Debug|Any CPU
		{6A5645E2-E45D-49E8-AAE7-41288BCF5A2E}.Release|Any CPU.ActiveCfg = Release|Any CPU
		{6A5645E2-E45D-49E8-AAE7-41288BCF5A2E}.Release|Any CPU.Build.0 = Release|Any CPU
		{6FEF8B1F-89F1-4572-994B-8BD07C0BA2F7}.Debug|Any CPU.ActiveCfg = Debug|Any CPU
		{6FEF8B1F-89F1-4572-994B-8BD07C0BA2F7}.Debug|Any CPU.Build.0 = Debug|Any CPU
		{6FEF8B1F-89F1-4572-994B-8BD07C0BA2F7}.Release|Any CPU.ActiveCfg = Release|Any CPU
		{6FEF8B1F-89F1-4572-994B-8BD07C0BA2F7}.Release|Any CPU.Build.0 = Release|Any CPU
	EndGlobalSection
	GlobalSection(SolutionProperties) = preSolution
		HideSolutionNode = FALSE
	EndGlobalSection
	GlobalSection(ExtensibilityGlobals) = postSolution
		SolutionGuid = {45F3ABFC-B393-4122-BC66-0DE6F7743DE5}
	EndGlobalSection
EndGlobal
